
Microsoft Visual Studio Solution File, Format Version 12.00
# Visual Studio Version 17
VisualStudioVersion = 17.13.35913.81
MinimumVisualStudioVersion = 10.0.40219.1
Project("{2150E333-8FDC-42A3-9474-1A3956D46DE8}") = "Solution Items", "Solution Items", "{02EA681E-C7D8-13C7-8484-4AC65E1B71E8}"
EndProject
Project("{2150E333-8FDC-42A3-9474-1A3956D46DE8}") = "src", "src", "{FAE5A55F-D39B-4F54-A314-D7782E1705C7}"
EndProject
Project("{2150E333-8FDC-42A3-9474-1A3956D46DE8}") = "test", "test", "{9D6D1907-E3AD-407A-8396-715832535A3E}"
EndProject
Project("{2150E333-8FDC-42A3-9474-1A3956D46DE8}") = "1-Presentation", "1-Presentation", "{A552465D-9570-4A24-A479-CB8086ECEB4F}"
EndProject
Project("{2150E333-8FDC-42A3-9474-1A3956D46DE8}") = "2-Application", "2-Application", "{0D921911-03A6-4D4C-B177-2B0699AABA77}"
EndProject
Project("{2150E333-8FDC-42A3-9474-1A3956D46DE8}") = "3-Domain", "3-Domain", "{513990DE-C248-4086-BA87-6A1F733C0B6E}"
EndProject
Project("{2150E333-8FDC-42A3-9474-1A3956D46DE8}") = "4-Infra", "4-Infra", "{8012C313-D944-4B19-89CA-82170DBF4FA6}"
EndProject
Project("{2150E333-8FDC-42A3-9474-1A3956D46DE8}") = "5-Dto", "5-Dto", "{D95999E9-6842-4A6A-892E-A9FE90D22077}"
EndProject
Project("{2150E333-8FDC-42A3-9474-1A3956D46DE8}") = "6-Common", "6-Common", "{C52E3465-2A2D-4AD2-9820-CD54F29060AE}"
EndProject
Project("{2150E333-8FDC-42A3-9474-1A3956D46DE8}") = "0-ServiceWorker", "0-ServiceWorker", "{AA756CF2-F2A6-4059-81DA-EF0D3E395F6C}"
EndProject
Project("{2150E333-8FDC-42A3-9474-1A3956D46DE8}") = "1-Integration", "1-Integration", "{A8B56C1E-2600-4096-A457-454BC4D4665F}"
EndProject
Project("{2150E333-8FDC-42A3-9474-1A3956D46DE8}") = "2-Unit", "2-Unit", "{E0FF0970-D0A4-4FAF-8CB3-B5BB7025E396}"
EndProject
Project("{FAE04EC0-301F-11D3-BF4B-00C04F79EFBC}") = "MotorCycleRentail.Api", "src\MotorCycleRentail.Api\MotorCycleRentail.Api.csproj", "{4344B675-DC8E-4C5E-AB11-76A7B3C0F479}"
EndProject
Project("{FAE04EC0-301F-11D3-BF4B-00C04F79EFBC}") = "MotorCycleRentail.Application", "src\MotorCycleRentail.Application\MotorCycleRentail.Application.csproj", "{38E89CEB-CCAB-4F5A-BACC-1C139D2975C5}"
EndProject
Project("{FAE04EC0-301F-11D3-BF4B-00C04F79EFBC}") = "MotorCycleRentail.Domain", "src\MotorCycleRentail.Domain\MotorCycleRentail.Domain.csproj", "{078B08B1-71C4-4A10-B73F-FC4E0B376B38}"
EndProject
Project("{FAE04EC0-301F-11D3-BF4B-00C04F79EFBC}") = "MotorCycleRentail.Infra", "src\MotorCycleRentail.Infra\MotorCycleRentail.Infra.csproj", "{E349B042-1B90-46A3-AAF1-36DA9F40F0D5}"
EndProject
Project("{FAE04EC0-301F-11D3-BF4B-00C04F79EFBC}") = "MotorCycleRentail.Dto", "src\MotorCycleRentail.Dto\MotorCycleRentail.Dto.csproj", "{CE46026F-CA9C-4316-A366-DF9900F12398}"
EndProject
Project("{FAE04EC0-301F-11D3-BF4B-00C04F79EFBC}") = "MotorCycleRentail.Common", "src\MotorCycleRentail.Common\MotorCycleRentail.Common.csproj", "{6F4962BA-7CB3-4512-BC36-04D0D034E6CD}"
EndProject
Project("{FAE04EC0-301F-11D3-BF4B-00C04F79EFBC}") = "MotorCycleRentail.Test.Integration", "test\Integration\MotorCycleRentail.Test.Integration\MotorCycleRentail.Test.Integration.csproj", "{F61B86D5-9938-476F-B81C-B37CFC08F357}"
EndProject
Project("{FAE04EC0-301F-11D3-BF4B-00C04F79EFBC}") = "MotorCycleRentail.Test.Integration", "test\Unit\MotorCycleRentail.Test.Integration\MotorCycleRentail.Test.Integration.csproj", "{A12603B3-BF9E-48AB-95C0-004340E08442}"
EndProject
Project("{FAE04EC0-301F-11D3-BF4B-00C04F79EFBC}") = "MotorCycleRentail.Worker", "src\MotorCycleRentail.Worker\MotorCycleRentail.Worker.csproj", "{4016AE3B-E4F7-4B0C-B2A7-B86A099E5BD0}"
EndProject
Global
	GlobalSection(SolutionConfigurationPlatforms) = preSolution
		Debug|Any CPU = Debug|Any CPU
		Release|Any CPU = Release|Any CPU
	EndGlobalSection
	GlobalSection(ProjectConfigurationPlatforms) = postSolution
		{4344B675-DC8E-4C5E-AB11-76A7B3C0F479}.Debug|Any CPU.ActiveCfg = Debug|Any CPU
		{4344B675-DC8E-4C5E-AB11-76A7B3C0F479}.Debug|Any CPU.Build.0 = Debug|Any CPU
		{4344B675-DC8E-4C5E-AB11-76A7B3C0F479}.Release|Any CPU.ActiveCfg = Release|Any CPU
		{4344B675-DC8E-4C5E-AB11-76A7B3C0F479}.Release|Any CPU.Build.0 = Release|Any CPU
		{38E89CEB-CCAB-4F5A-BACC-1C139D2975C5}.Debug|Any CPU.ActiveCfg = Debug|Any CPU
		{38E89CEB-CCAB-4F5A-BACC-1C139D2975C5}.Debug|Any CPU.Build.0 = Debug|Any CPU
		{38E89CEB-CCAB-4F5A-BACC-1C139D2975C5}.Release|Any CPU.ActiveCfg = Release|Any CPU
		{38E89CEB-CCAB-4F5A-BACC-1C139D2975C5}.Release|Any CPU.Build.0 = Release|Any CPU
		{078B08B1-71C4-4A10-B73F-FC4E0B376B38}.Debug|Any CPU.ActiveCfg = Debug|Any CPU
		{078B08B1-71C4-4A10-B73F-FC4E0B376B38}.Debug|Any CPU.Build.0 = Debug|Any CPU
		{078B08B1-71C4-4A10-B73F-FC4E0B376B38}.Release|Any CPU.ActiveCfg = Release|Any CPU
		{078B08B1-71C4-4A10-B73F-FC4E0B376B38}.Release|Any CPU.Build.0 = Release|Any CPU
		{E349B042-1B90-46A3-AAF1-36DA9F40F0D5}.Debug|Any CPU.ActiveCfg = Debug|Any CPU
		{E349B042-1B90-46A3-AAF1-36DA9F40F0D5}.Debug|Any CPU.Build.0 = Debug|Any CPU
		{E349B042-1B90-46A3-AAF1-36DA9F40F0D5}.Release|Any CPU.ActiveCfg = Release|Any CPU
		{E349B042-1B90-46A3-AAF1-36DA9F40F0D5}.Release|Any CPU.Build.0 = Release|Any CPU
		{CE46026F-CA9C-4316-A366-DF9900F12398}.Debug|Any CPU.ActiveCfg = Debug|Any CPU
		{CE46026F-CA9C-4316-A366-DF9900F12398}.Debug|Any CPU.Build.0 = Debug|Any CPU
		{CE46026F-CA9C-4316-A366-DF9900F12398}.Release|Any CPU.ActiveCfg = Release|Any CPU
		{CE46026F-CA9C-4316-A366-DF9900F12398}.Release|Any CPU.Build.0 = Release|Any CPU
		{6F4962BA-7CB3-4512-BC36-04D0D034E6CD}.Debug|Any CPU.ActiveCfg = Debug|Any CPU
		{6F4962BA-7CB3-4512-BC36-04D0D034E6CD}.Debug|Any CPU.Build.0 = Debug|Any CPU
		{6F4962BA-7CB3-4512-BC36-04D0D034E6CD}.Release|Any CPU.ActiveCfg = Release|Any CPU
		{6F4962BA-7CB3-4512-BC36-04D0D034E6CD}.Release|Any CPU.Build.0 = Release|Any CPU
		{F61B86D5-9938-476F-B81C-B37CFC08F357}.Debug|Any CPU.ActiveCfg = Debug|Any CPU
		{F61B86D5-9938-476F-B81C-B37CFC08F357}.Debug|Any CPU.Build.0 = Debug|Any CPU
		{F61B86D5-9938-476F-B81C-B37CFC08F357}.Release|Any CPU.ActiveCfg = Release|Any CPU
		{F61B86D5-9938-476F-B81C-B37CFC08F357}.Release|Any CPU.Build.0 = Release|Any CPU
		{A12603B3-BF9E-48AB-95C0-004340E08442}.Debug|Any CPU.ActiveCfg = Debug|Any CPU
		{A12603B3-BF9E-48AB-95C0-004340E08442}.Debug|Any CPU.Build.0 = Debug|Any CPU
		{A12603B3-BF9E-48AB-95C0-004340E08442}.Release|Any CPU.ActiveCfg = Release|Any CPU
		{A12603B3-BF9E-48AB-95C0-004340E08442}.Release|Any CPU.Build.0 = Release|Any CPU
		{4016AE3B-E4F7-4B0C-B2A7-B86A099E5BD0}.Debug|Any CPU.ActiveCfg = Debug|Any CPU
		{4016AE3B-E4F7-4B0C-B2A7-B86A099E5BD0}.Debug|Any CPU.Build.0 = Debug|Any CPU
		{4016AE3B-E4F7-4B0C-B2A7-B86A099E5BD0}.Release|Any CPU.ActiveCfg = Release|Any CPU
		{4016AE3B-E4F7-4B0C-B2A7-B86A099E5BD0}.Release|Any CPU.Build.0 = Release|Any CPU
	EndGlobalSection
	GlobalSection(SolutionProperties) = preSolution
		HideSolutionNode = FALSE
	EndGlobalSection
	GlobalSection(NestedProjects) = preSolution
		{A552465D-9570-4A24-A479-CB8086ECEB4F} = {FAE5A55F-D39B-4F54-A314-D7782E1705C7}
		{0D921911-03A6-4D4C-B177-2B0699AABA77} = {FAE5A55F-D39B-4F54-A314-D7782E1705C7}
		{513990DE-C248-4086-BA87-6A1F733C0B6E} = {FAE5A55F-D39B-4F54-A314-D7782E1705C7}
		{8012C313-D944-4B19-89CA-82170DBF4FA6} = {FAE5A55F-D39B-4F54-A314-D7782E1705C7}
		{D95999E9-6842-4A6A-892E-A9FE90D22077} = {FAE5A55F-D39B-4F54-A314-D7782E1705C7}
		{C52E3465-2A2D-4AD2-9820-CD54F29060AE} = {FAE5A55F-D39B-4F54-A314-D7782E1705C7}
		{AA756CF2-F2A6-4059-81DA-EF0D3E395F6C} = {FAE5A55F-D39B-4F54-A314-D7782E1705C7}
		{A8B56C1E-2600-4096-A457-454BC4D4665F} = {9D6D1907-E3AD-407A-8396-715832535A3E}
		{E0FF0970-D0A4-4FAF-8CB3-B5BB7025E396} = {9D6D1907-E3AD-407A-8396-715832535A3E}
		{4344B675-DC8E-4C5E-AB11-76A7B3C0F479} = {A552465D-9570-4A24-A479-CB8086ECEB4F}
		{38E89CEB-CCAB-4F5A-BACC-1C139D2975C5} = {0D921911-03A6-4D4C-B177-2B0699AABA77}
		{078B08B1-71C4-4A10-B73F-FC4E0B376B38} = {513990DE-C248-4086-BA87-6A1F733C0B6E}
		{E349B042-1B90-46A3-AAF1-36DA9F40F0D5} = {8012C313-D944-4B19-89CA-82170DBF4FA6}
		{CE46026F-CA9C-4316-A366-DF9900F12398} = {D95999E9-6842-4A6A-892E-A9FE90D22077}
		{6F4962BA-7CB3-4512-BC36-04D0D034E6CD} = {C52E3465-2A2D-4AD2-9820-CD54F29060AE}
		{F61B86D5-9938-476F-B81C-B37CFC08F357} = {A8B56C1E-2600-4096-A457-454BC4D4665F}
		{A12603B3-BF9E-48AB-95C0-004340E08442} = {E0FF0970-D0A4-4FAF-8CB3-B5BB7025E396}
		{4016AE3B-E4F7-4B0C-B2A7-B86A099E5BD0} = {AA756CF2-F2A6-4059-81DA-EF0D3E395F6C}
	EndGlobalSection
	GlobalSection(ExtensibilityGlobals) = postSolution
		SolutionGuid = {EED59B46-386B-4914-8780-E57D1AC113E7}
	EndGlobalSection
EndGlobal
