
Microsoft Visual Studio Solution File, Format Version 12.00
# Visual Studio Version 17
VisualStudioVersion = 17.13.35913.81 d17.13
MinimumVisualStudioVersion = 10.0.40219.1
Project("{2150E333-8FDC-42A3-9474-1A3956D46DE8}") = "Solution Items", "Solution Items", "{02EA681E-C7D8-13C7-8484-4AC65E1B71E8}"
EndProject
Project("{2150E333-8FDC-42A3-9474-1A3956D46DE8}") = "src", "src", "{FAE5A55F-D39B-4F54-A314-D7782E1705C7}"
EndProject
Project("{2150E333-8FDC-42A3-9474-1A3956D46DE8}") = "test", "test", "{9D6D1907-E3AD-407A-8396-715832535A3E}"
EndProject
Project("{2150E333-8FDC-42A3-9474-1A3956D46DE8}") = "1-Presentation", "1-Presentation", "{A552465D-9570-4A24-A479-CB8086ECEB4F}"
EndProject
Project("{2150E333-8FDC-42A3-9474-1A3956D46DE8}") = "2-Application", "2-Application", "{0D921911-03A6-4D4C-B177-2B0699AABA77}"
EndProject
Project("{2150E333-8FDC-42A3-9474-1A3956D46DE8}") = "3-Domain", "3-Domain", "{513990DE-C248-4086-BA87-6A1F733C0B6E}"
EndProject
Project("{2150E333-8FDC-42A3-9474-1A3956D46DE8}") = "4-Infra", "4-Infra", "{8012C313-D944-4B19-89CA-82170DBF4FA6}"
EndProject
Project("{2150E333-8FDC-42A3-9474-1A3956D46DE8}") = "5-Dto", "5-Dto", "{D95999E9-6842-4A6A-892E-A9FE90D22077}"
EndProject
Project("{2150E333-8FDC-42A3-9474-1A3956D46DE8}") = "6-Common", "6-Common", "{C52E3465-2A2D-4AD2-9820-CD54F29060AE}"
EndProject
Project("{2150E333-8FDC-42A3-9474-1A3956D46DE8}") = "0-ServiceWorker", "0-ServiceWorker", "{AA756CF2-F2A6-4059-81DA-EF0D3E395F6C}"
EndProject
Project("{FAE04EC0-301F-11D3-BF4B-00C04F79EFBC}") = "MotorCycleRentail.Worker", "src\MotorCycleRentail.Worker\MotorCycleRentail.Worker.csproj", "{9DE28575-1811-4BD6-B3F7-D6D540A247F4}"
EndProject
Project("{FAE04EC0-301F-11D3-BF4B-00C04F79EFBC}") = "MotorCycleRentail.Application", "src\MotorCycleRentail.Application\MotorCycleRentail.Application.csproj", "{9C5DDB14-FA43-49B7-8263-C765DEF28DCB}"
EndProject
Project("{FAE04EC0-301F-11D3-BF4B-00C04F79EFBC}") = "MotorCycleRentail.Api", "src\MotorCycleRentail.Api\MotorCycleRentail.Api.csproj", "{964AE1D5-8445-4F61-915D-CA4FB721E2FC}"
EndProject
Project("{FAE04EC0-301F-11D3-BF4B-00C04F79EFBC}") = "MotorCycleRentail.Domain", "src\MotorCycleRentail.Domain\MotorCycleRentail.Domain.csproj", "{AB1EF401-E67F-45D1-9C4D-365D3526CC02}"
EndProject
Project("{FAE04EC0-301F-11D3-BF4B-00C04F79EFBC}") = "MotorCycleRentail.Infra", "src\MotorCycleRentail.Infra\MotorCycleRentail.Infra.csproj", "{B109DD31-8672-4FF4-922E-4045B7F00BC5}"
EndProject
Project("{FAE04EC0-301F-11D3-BF4B-00C04F79EFBC}") = "MotorCycleRentail.Dto", "src\MotorCycleRentail.Dto\MotorCycleRentail.Dto.csproj", "{B41DD558-A8ED-4DDF-A508-970DF841E31B}"
EndProject
Project("{FAE04EC0-301F-11D3-BF4B-00C04F79EFBC}") = "MotorCycleRentail.Common", "src\MotorCycleRentail.Common\MotorCycleRentail.Common.csproj", "{861213B4-2D0B-4ADB-B241-59A9530C194F}"
EndProject
Project("{2150E333-8FDC-42A3-9474-1A3956D46DE8}") = "1-Integration", "1-Integration", "{A8B56C1E-2600-4096-A457-454BC4D4665F}"
EndProject
Project("{2150E333-8FDC-42A3-9474-1A3956D46DE8}") = "2-Unit", "2-Unit", "{E0FF0970-D0A4-4FAF-8CB3-B5BB7025E396}"
EndProject
Global
	GlobalSection(SolutionConfigurationPlatforms) = preSolution
		Debug|Any CPU = Debug|Any CPU
		Release|Any CPU = Release|Any CPU
	EndGlobalSection
	GlobalSection(ProjectConfigurationPlatforms) = postSolution
		{9DE28575-1811-4BD6-B3F7-D6D540A247F4}.Debug|Any CPU.ActiveCfg = Debug|Any CPU
		{9DE28575-1811-4BD6-B3F7-D6D540A247F4}.Debug|Any CPU.Build.0 = Debug|Any CPU
		{9DE28575-1811-4BD6-B3F7-D6D540A247F4}.Release|Any CPU.ActiveCfg = Release|Any CPU
		{9DE28575-1811-4BD6-B3F7-D6D540A247F4}.Release|Any CPU.Build.0 = Release|Any CPU
		{9C5DDB14-FA43-49B7-8263-C765DEF28DCB}.Debug|Any CPU.ActiveCfg = Debug|Any CPU
		{9C5DDB14-FA43-49B7-8263-C765DEF28DCB}.Debug|Any CPU.Build.0 = Debug|Any CPU
		{9C5DDB14-FA43-49B7-8263-C765DEF28DCB}.Release|Any CPU.ActiveCfg = Release|Any CPU
		{9C5DDB14-FA43-49B7-8263-C765DEF28DCB}.Release|Any CPU.Build.0 = Release|Any CPU
		{964AE1D5-8445-4F61-915D-CA4FB721E2FC}.Debug|Any CPU.ActiveCfg = Debug|Any CPU
		{964AE1D5-8445-4F61-915D-CA4FB721E2FC}.Debug|Any CPU.Build.0 = Debug|Any CPU
		{964AE1D5-8445-4F61-915D-CA4FB721E2FC}.Release|Any CPU.ActiveCfg = Release|Any CPU
		{964AE1D5-8445-4F61-915D-CA4FB721E2FC}.Release|Any CPU.Build.0 = Release|Any CPU
		{AB1EF401-E67F-45D1-9C4D-365D3526CC02}.Debug|Any CPU.ActiveCfg = Debug|Any CPU
		{AB1EF401-E67F-45D1-9C4D-365D3526CC02}.Debug|Any CPU.Build.0 = Debug|Any CPU
		{AB1EF401-E67F-45D1-9C4D-365D3526CC02}.Release|Any CPU.ActiveCfg = Release|Any CPU
		{AB1EF401-E67F-45D1-9C4D-365D3526CC02}.Release|Any CPU.Build.0 = Release|Any CPU
		{B109DD31-8672-4FF4-922E-4045B7F00BC5}.Debug|Any CPU.ActiveCfg = Debug|Any CPU
		{B109DD31-8672-4FF4-922E-4045B7F00BC5}.Debug|Any CPU.Build.0 = Debug|Any CPU
		{B109DD31-8672-4FF4-922E-4045B7F00BC5}.Release|Any CPU.ActiveCfg = Release|Any CPU
		{B109DD31-8672-4FF4-922E-4045B7F00BC5}.Release|Any CPU.Build.0 = Release|Any CPU
		{B41DD558-A8ED-4DDF-A508-970DF841E31B}.Debug|Any CPU.ActiveCfg = Debug|Any CPU
		{B41DD558-A8ED-4DDF-A508-970DF841E31B}.Debug|Any CPU.Build.0 = Debug|Any CPU
		{B41DD558-A8ED-4DDF-A508-970DF841E31B}.Release|Any CPU.ActiveCfg = Release|Any CPU
		{B41DD558-A8ED-4DDF-A508-970DF841E31B}.Release|Any CPU.Build.0 = Release|Any CPU
		{861213B4-2D0B-4ADB-B241-59A9530C194F}.Debug|Any CPU.ActiveCfg = Debug|Any CPU
		{861213B4-2D0B-4ADB-B241-59A9530C194F}.Debug|Any CPU.Build.0 = Debug|Any CPU
		{861213B4-2D0B-4ADB-B241-59A9530C194F}.Release|Any CPU.ActiveCfg = Release|Any CPU
		{861213B4-2D0B-4ADB-B241-59A9530C194F}.Release|Any CPU.Build.0 = Release|Any CPU
	EndGlobalSection
	GlobalSection(SolutionProperties) = preSolution
		HideSolutionNode = FALSE
	EndGlobalSection
	GlobalSection(NestedProjects) = preSolution
		{A552465D-9570-4A24-A479-CB8086ECEB4F} = {FAE5A55F-D39B-4F54-A314-D7782E1705C7}
		{0D921911-03A6-4D4C-B177-2B0699AABA77} = {FAE5A55F-D39B-4F54-A314-D7782E1705C7}
		{513990DE-C248-4086-BA87-6A1F733C0B6E} = {FAE5A55F-D39B-4F54-A314-D7782E1705C7}
		{8012C313-D944-4B19-89CA-82170DBF4FA6} = {FAE5A55F-D39B-4F54-A314-D7782E1705C7}
		{D95999E9-6842-4A6A-892E-A9FE90D22077} = {FAE5A55F-D39B-4F54-A314-D7782E1705C7}
		{C52E3465-2A2D-4AD2-9820-CD54F29060AE} = {FAE5A55F-D39B-4F54-A314-D7782E1705C7}
		{AA756CF2-F2A6-4059-81DA-EF0D3E395F6C} = {FAE5A55F-D39B-4F54-A314-D7782E1705C7}
		{9DE28575-1811-4BD6-B3F7-D6D540A247F4} = {AA756CF2-F2A6-4059-81DA-EF0D3E395F6C}
		{9C5DDB14-FA43-49B7-8263-C765DEF28DCB} = {0D921911-03A6-4D4C-B177-2B0699AABA77}
		{964AE1D5-8445-4F61-915D-CA4FB721E2FC} = {A552465D-9570-4A24-A479-CB8086ECEB4F}
		{AB1EF401-E67F-45D1-9C4D-365D3526CC02} = {513990DE-C248-4086-BA87-6A1F733C0B6E}
		{B109DD31-8672-4FF4-922E-4045B7F00BC5} = {8012C313-D944-4B19-89CA-82170DBF4FA6}
		{B41DD558-A8ED-4DDF-A508-970DF841E31B} = {D95999E9-6842-4A6A-892E-A9FE90D22077}
		{861213B4-2D0B-4ADB-B241-59A9530C194F} = {C52E3465-2A2D-4AD2-9820-CD54F29060AE}
		{A8B56C1E-2600-4096-A457-454BC4D4665F} = {9D6D1907-E3AD-407A-8396-715832535A3E}
		{E0FF0970-D0A4-4FAF-8CB3-B5BB7025E396} = {9D6D1907-E3AD-407A-8396-715832535A3E}
	EndGlobalSection
	GlobalSection(ExtensibilityGlobals) = postSolution
		SolutionGuid = {EED59B46-386B-4914-8780-E57D1AC113E7}
	EndGlobalSection
EndGlobal
